
Microsoft Visual Studio Solution File, Format Version 12.00
# Visual Studio Version 16
VisualStudioVersion = 16.0.30523.141
MinimumVisualStudioVersion = 10.0.40219.1
Project("{9A19103F-16F7-4668-BE54-9A1E7A4F7556}") = "VelaFact", "VelaFact.csproj", "{07D008C1-FB9A-4537-A8F0-89542B0E2F1E}"
EndProject
Global
	GlobalSection(SolutionConfigurationPlatforms) = preSolution
		Debug|Any CPU = Debug|Any CPU
		Release|Any CPU = Release|Any CPU
	EndGlobalSection
	GlobalSection(ProjectConfigurationPlatforms) = postSolution
		{07D008C1-FB9A-4537-A8F0-89542B0E2F1E}.Debug|Any CPU.ActiveCfg = Debug|Any CPU
		{07D008C1-FB9A-4537-A8F0-89542B0E2F1E}.Debug|Any CPU.Build.0 = Debug|Any CPU
		{07D008C1-FB9A-4537-A8F0-89542B0E2F1E}.Release|Any CPU.ActiveCfg = Release|Any CPU
		{07D008C1-FB9A-4537-A8F0-89542B0E2F1E}.Release|Any CPU.Build.0 = Release|Any CPU
	EndGlobalSection
	GlobalSection(SolutionProperties) = preSolution
		HideSolutionNode = FALSE
	EndGlobalSection
	GlobalSection(ExtensibilityGlobals) = postSolution
		SolutionGuid = {6A18AEC5-33DC-4742-A7DC-E106B7922F72}
	EndGlobalSection
EndGlobal
